
Microsoft Visual Studio Solution File, Format Version 11.00
# Visual Studio 2010
Project("{CC5FD16D-436D-48AD-A40C-5A424C6E3E79}") = "FTPServer", "FTPServer\FTPServer.ccproj", "{8BA40956-6D1B-4736-897E-5D255138700C}"
EndProject
Project("{FAE04EC0-301F-11D3-BF4B-00C04F79EFBC}") = "AzureFTPServer_WorkerRole", "AzureFTPServer_WorkerRole\AzureFTPServer_WorkerRole.csproj", "{09C56ABB-2D4A-465E-9179-0CC63D657112}"
EndProject
Global
	GlobalSection(SolutionConfigurationPlatforms) = preSolution
		Debug|Any CPU = Debug|Any CPU
		Release|Any CPU = Release|Any CPU
	EndGlobalSection
	GlobalSection(ProjectConfigurationPlatforms) = postSolution
		{8BA40956-6D1B-4736-897E-5D255138700C}.Debug|Any CPU.ActiveCfg = Debug|Any CPU
		{8BA40956-6D1B-4736-897E-5D255138700C}.Debug|Any CPU.Build.0 = Debug|Any CPU
		{8BA40956-6D1B-4736-897E-5D255138700C}.Release|Any CPU.ActiveCfg = Release|Any CPU
		{8BA40956-6D1B-4736-897E-5D255138700C}.Release|Any CPU.Build.0 = Release|Any CPU
		{09C56ABB-2D4A-465E-9179-0CC63D657112}.Debug|Any CPU.ActiveCfg = Debug|Any CPU
		{09C56ABB-2D4A-465E-9179-0CC63D657112}.Debug|Any CPU.Build.0 = Debug|Any CPU
		{09C56ABB-2D4A-465E-9179-0CC63D657112}.Release|Any CPU.ActiveCfg = Release|Any CPU
		{09C56ABB-2D4A-465E-9179-0CC63D657112}.Release|Any CPU.Build.0 = Release|Any CPU
	EndGlobalSection
	GlobalSection(SolutionProperties) = preSolution
		HideSolutionNode = FALSE
	EndGlobalSection
EndGlobal
